
Microsoft Visual Studio Solution File, Format Version 12.00
# Visual Studio 15
VisualStudioVersion = 15.0.28010.2046
MinimumVisualStudioVersion = 10.0.40219.1
Project("{FAE04EC0-301F-11D3-BF4B-00C04F79EFBC}") = "Chesss", "Chesss\Chesss.csproj", "{8862A3B2-585F-4546-BC00-F8AD332C6EBB}"
EndProject
Project("{FAE04EC0-301F-11D3-BF4B-00C04F79EFBC}") = "Chesss.UI", "Chesss.UI\Chesss.UI.csproj", "{A2E92B65-F2DB-4D69-A565-DC364754F210}"
EndProject
Global
	GlobalSection(SolutionConfigurationPlatforms) = preSolution
		Debug|Any CPU = Debug|Any CPU
		Release|Any CPU = Release|Any CPU
	EndGlobalSection
	GlobalSection(ProjectConfigurationPlatforms) = postSolution
		{8862A3B2-585F-4546-BC00-F8AD332C6EBB}.Debug|Any CPU.ActiveCfg = Debug|Any CPU
		{8862A3B2-585F-4546-BC00-F8AD332C6EBB}.Debug|Any CPU.Build.0 = Debug|Any CPU
		{8862A3B2-585F-4546-BC00-F8AD332C6EBB}.Release|Any CPU.ActiveCfg = Release|Any CPU
		{8862A3B2-585F-4546-BC00-F8AD332C6EBB}.Release|Any CPU.Build.0 = Release|Any CPU
		{A2E92B65-F2DB-4D69-A565-DC364754F210}.Debug|Any CPU.ActiveCfg = Debug|Any CPU
		{A2E92B65-F2DB-4D69-A565-DC364754F210}.Debug|Any CPU.Build.0 = Debug|Any CPU
		{A2E92B65-F2DB-4D69-A565-DC364754F210}.Release|Any CPU.ActiveCfg = Release|Any CPU
		{A2E92B65-F2DB-4D69-A565-DC364754F210}.Release|Any CPU.Build.0 = Release|Any CPU
	EndGlobalSection
	GlobalSection(SolutionProperties) = preSolution
		HideSolutionNode = FALSE
	EndGlobalSection
	GlobalSection(ExtensibilityGlobals) = postSolution
		SolutionGuid = {4B8230AF-6CAC-4735-AFBD-5C2201DB5771}
	EndGlobalSection
EndGlobal
